
Microsoft Visual Studio Solution File, Format Version 12.00
# Visual Studio Version 17
VisualStudioVersion = 17.4.33205.214
MinimumVisualStudioVersion = 10.0.40219.1
Project("{FAE04EC0-301F-11D3-BF4B-00C04F79EFBC}") = "RoomReservation", "RoomReservation\RoomReservation.csproj", "{47223FEE-1A61-43B2-A764-7E76F0DDFD45}"
EndProject
Global
	GlobalSection(SolutionConfigurationPlatforms) = preSolution
		Debug|Any CPU = Debug|Any CPU
		Release|Any CPU = Release|Any CPU
	EndGlobalSection
	GlobalSection(ProjectConfigurationPlatforms) = postSolution
		{47223FEE-1A61-43B2-A764-7E76F0DDFD45}.Debug|Any CPU.ActiveCfg = Debug|Any CPU
		{47223FEE-1A61-43B2-A764-7E76F0DDFD45}.Debug|Any CPU.Build.0 = Debug|Any CPU
		{47223FEE-1A61-43B2-A764-7E76F0DDFD45}.Release|Any CPU.ActiveCfg = Release|Any CPU
		{47223FEE-1A61-43B2-A764-7E76F0DDFD45}.Release|Any CPU.Build.0 = Release|Any CPU
	EndGlobalSection
	GlobalSection(SolutionProperties) = preSolution
		HideSolutionNode = FALSE
	EndGlobalSection
	GlobalSection(ExtensibilityGlobals) = postSolution
		SolutionGuid = {835D0266-88AC-4953-BE0A-47CEC1F55AAC}
	EndGlobalSection
EndGlobal
